{
    "version": 3,
    "terraform_version": "0.11.7",
    "serial": 4,
    "lineage": "73f085be-f7a8-6f04-fd5c-dab2d16de322",
    "modules": [
        {
            "path": [
                "root"
            ],
            "outputs": {
                "aws_instance_public_dns": {
                    "sensitive": false,
                    "type": "string",
                    "value": "ec2-13-229-73-39.ap-southeast-1.compute.amazonaws.com"
                }
            },
            "resources": {
                "aws_instance.nginx": {
                    "type": "aws_instance",
                    "depends_on": [],
                    "primary": {
                        "id": "i-0080df095fff45199",
                        "attributes": {
                            "ami": "ami-de90a5a2",
                            "associate_public_ip_address": "true",
                            "availability_zone": "ap-southeast-1b",
                            "credit_specification.#": "1",
                            "credit_specification.0.cpu_credits": "standard",
                            "disable_api_termination": "false",
                            "ebs_block_device.#": "0",
                            "ebs_optimized": "false",
                            "ephemeral_block_device.#": "0",
                            "get_password_data": "false",
                            "iam_instance_profile": "",
                            "id": "i-0080df095fff45199",
                            "instance_state": "running",
                            "instance_type": "t2.micro",
                            "ipv6_addresses.#": "0",
                            "key_name": "ap-southeast-1_architect",
                            "monitoring": "false",
                            "network_interface.#": "0",
                            "network_interface_id": "eni-06cd8999b3d4be10a",
                            "password_data": "",
                            "placement_group": "",
                            "primary_network_interface_id": "eni-06cd8999b3d4be10a",
                            "private_dns": "ip-172-31-16-149.ap-southeast-1.compute.internal",
                            "private_ip": "172.31.16.149",
                            "public_dns": "ec2-54-169-95-255.ap-southeast-1.compute.amazonaws.com",
                            "public_ip": "54.169.95.255",
                            "root_block_device.#": "1",
                            "root_block_device.0.delete_on_termination": "true",
                            "root_block_device.0.iops": "100",
                            "root_block_device.0.volume_id": "vol-047e3f2cb39e6310c",
                            "root_block_device.0.volume_size": "8",
                            "root_block_device.0.volume_type": "gp2",
                            "security_groups.#": "1",
                            "security_groups.3814588639": "default",
                            "source_dest_check": "true",
                            "subnet_id": "subnet-0be9c26c",
                            "tags.%": "0",
                            "tenancy": "default",
                            "volume_tags.%": "0",
                            "vpc_security_group_ids.#": "1",
                            "vpc_security_group_ids.1825445825": "sg-fe487487"
                        },
                        "meta": {
                            "e2bfb730-ecaa-11e6-8f88-34363bc7c4c0": {
                                "create": 600000000000,
                                "delete": 1200000000000,
                                "update": 600000000000
                            },
                            "schema_version": "1"
                        },
                        "tainted": true
                    },
                    "deposed": [],
                    "provider": "provider.aws"
                }
            },
            "depends_on": []
        }
    ]
}
